
Microsoft Visual Studio Solution File, Format Version 12.00
# Visual Studio Version 17
VisualStudioVersion = 17.11.35312.102
MinimumVisualStudioVersion = 10.0.40219.1
Project("{9A19103F-16F7-4668-BE54-9A1E7A4F7556}") = "WhiteLagoon.Web", "WhiteLagoon.Web\WhiteLagoon.Web.csproj", "{0B45487D-75A8-41A1-B646-CF0F693FDE0D}"
EndProject
Project("{9A19103F-16F7-4668-BE54-9A1E7A4F7556}") = "WhiteLagoon.Domain", "WhiteLagoon.Domain\WhiteLagoon.Domain.csproj", "{9E0816AC-9A4F-4E6C-8CF9-7F96540D115B}"
EndProject
Project("{9A19103F-16F7-4668-BE54-9A1E7A4F7556}") = "WhiteLagoon.Application", "WhiteLagoon.Application\WhiteLagoon.Application.csproj", "{413E8DCE-9FC0-4F56-8A74-32F9066C0573}"
EndProject
Project("{9A19103F-16F7-4668-BE54-9A1E7A4F7556}") = "WhiteLagoon.Infrastructure", "WhiteLagoon.Infrastructure\WhiteLagoon.Infrastructure.csproj", "{AD922963-ACC2-4F3F-A7D9-716867AFD82B}"
EndProject
Project("{2150E333-8FDC-42A3-9474-1A3956D46DE8}") = "Solution Items", "Solution Items", "{BB214BC5-5C9F-4C0B-9082-9BB6B0E4E1B9}"
	ProjectSection(SolutionItems) = preProject
		ReadMe.txt = ReadMe.txt
	EndProjectSection
EndProject
Global
	GlobalSection(SolutionConfigurationPlatforms) = preSolution
		Debug|Any CPU = Debug|Any CPU
		Release|Any CPU = Release|Any CPU
	EndGlobalSection
	GlobalSection(ProjectConfigurationPlatforms) = postSolution
		{0B45487D-75A8-41A1-B646-CF0F693FDE0D}.Debug|Any CPU.ActiveCfg = Debug|Any CPU
		{0B45487D-75A8-41A1-B646-CF0F693FDE0D}.Debug|Any CPU.Build.0 = Debug|Any CPU
		{0B45487D-75A8-41A1-B646-CF0F693FDE0D}.Release|Any CPU.ActiveCfg = Release|Any CPU
		{0B45487D-75A8-41A1-B646-CF0F693FDE0D}.Release|Any CPU.Build.0 = Release|Any CPU
		{9E0816AC-9A4F-4E6C-8CF9-7F96540D115B}.Debug|Any CPU.ActiveCfg = Debug|Any CPU
		{9E0816AC-9A4F-4E6C-8CF9-7F96540D115B}.Debug|Any CPU.Build.0 = Debug|Any CPU
		{9E0816AC-9A4F-4E6C-8CF9-7F96540D115B}.Release|Any CPU.ActiveCfg = Release|Any CPU
		{9E0816AC-9A4F-4E6C-8CF9-7F96540D115B}.Release|Any CPU.Build.0 = Release|Any CPU
		{413E8DCE-9FC0-4F56-8A74-32F9066C0573}.Debug|Any CPU.ActiveCfg = Debug|Any CPU
		{413E8DCE-9FC0-4F56-8A74-32F9066C0573}.Debug|Any CPU.Build.0 = Debug|Any CPU
		{413E8DCE-9FC0-4F56-8A74-32F9066C0573}.Release|Any CPU.ActiveCfg = Release|Any CPU
		{413E8DCE-9FC0-4F56-8A74-32F9066C0573}.Release|Any CPU.Build.0 = Release|Any CPU
		{AD922963-ACC2-4F3F-A7D9-716867AFD82B}.Debug|Any CPU.ActiveCfg = Debug|Any CPU
		{AD922963-ACC2-4F3F-A7D9-716867AFD82B}.Debug|Any CPU.Build.0 = Debug|Any CPU
		{AD922963-ACC2-4F3F-A7D9-716867AFD82B}.Release|Any CPU.ActiveCfg = Release|Any CPU
		{AD922963-ACC2-4F3F-A7D9-716867AFD82B}.Release|Any CPU.Build.0 = Release|Any CPU
	EndGlobalSection
	GlobalSection(SolutionProperties) = preSolution
		HideSolutionNode = FALSE
	EndGlobalSection
	GlobalSection(ExtensibilityGlobals) = postSolution
		SolutionGuid = {4A798459-69EF-4769-9BC4-0FD3766115C7}
	EndGlobalSection
EndGlobal
